
Microsoft Visual Studio Solution File, Format Version 12.00
# Visual Studio 15
VisualStudioVersion = 15.0.28307.645
MinimumVisualStudioVersion = 10.0.40219.1
Project("{FAE04EC0-301F-11D3-BF4B-00C04F79EFBC}") = "RandomGenerator", "RandomGenerator\RandomGenerator.csproj", "{92E06545-4250-4106-92C5-6AB1F5DA464C}"
EndProject
Global
	GlobalSection(SolutionConfigurationPlatforms) = preSolution
		Debug|Any CPU = Debug|Any CPU
		Release|Any CPU = Release|Any CPU
	EndGlobalSection
	GlobalSection(ProjectConfigurationPlatforms) = postSolution
		{92E06545-4250-4106-92C5-6AB1F5DA464C}.Debug|Any CPU.ActiveCfg = Debug|Any CPU
		{92E06545-4250-4106-92C5-6AB1F5DA464C}.Debug|Any CPU.Build.0 = Debug|Any CPU
		{92E06545-4250-4106-92C5-6AB1F5DA464C}.Release|Any CPU.ActiveCfg = Release|Any CPU
		{92E06545-4250-4106-92C5-6AB1F5DA464C}.Release|Any CPU.Build.0 = Release|Any CPU
	EndGlobalSection
	GlobalSection(SolutionProperties) = preSolution
		HideSolutionNode = FALSE
	EndGlobalSection
	GlobalSection(ExtensibilityGlobals) = postSolution
		SolutionGuid = {15CBA81F-41B6-4745-8934-A59019293796}
	EndGlobalSection
EndGlobal
